// !$*UTF8*$!
{
	archiveVersion = 1;
	classes = {
	};
	objectVersion = 56;
	objects = {

/* Begin PBXBuildFile section */
		A25199362BBC33EF0024210C /* AppDelegate.swift in Sources */ = {isa = PBXBuildFile; fileRef = A25199352BBC33EF0024210C /* AppDelegate.swift */; };
		A25199382BBC33EF0024210C /* SceneDelegate.swift in Sources */ = {isa = PBXBuildFile; fileRef = A25199372BBC33EF0024210C /* SceneDelegate.swift */; };
		A251993A2BBC33EF0024210C /* MagneticViewController.swift in Sources */ = {isa = PBXBuildFile; fileRef = A25199392BBC33EF0024210C /* MagneticViewController.swift */; };
		A251993D2BBC33EF0024210C /* Main.storyboard in Resources */ = {isa = PBXBuildFile; fileRef = A251993B2BBC33EF0024210C /* Main.storyboard */; };
		A251993F2BBC33F00024210C /* Assets.xcassets in Resources */ = {isa = PBXBuildFile; fileRef = A251993E2BBC33F00024210C /* Assets.xcassets */; };
		A25199422BBC33F00024210C /* LaunchScreen.storyboard in Resources */ = {isa = PBXBuildFile; fileRef = A25199402BBC33F00024210C /* LaunchScreen.storyboard */; };
		A251994B2BBC3CA50024210C /* SnapKit in Frameworks */ = {isa = PBXBuildFile; productRef = A251994A2BBC3CA50024210C /* SnapKit */; };
		A251994D2BBC3D270024210C /* MagneticView.swift in Sources */ = {isa = PBXBuildFile; fileRef = A251994C2BBC3D270024210C /* MagneticView.swift */; };
		A25199512BBC3DCF0024210C /* MagenticViewModel.swift in Sources */ = {isa = PBXBuildFile; fileRef = A25199502BBC3DCF0024210C /* MagenticViewModel.swift */; };
		A25199532BBC3DEB0024210C /* MockedDataManager.swift in Sources */ = {isa = PBXBuildFile; fileRef = A25199522BBC3DEB0024210C /* MockedDataManager.swift */; };
		A25199572BBC3E5E0024210C /* WiFiData.json in Resources */ = {isa = PBXBuildFile; fileRef = A25199562BBC3E5E0024210C /* WiFiData.json */; };
		A25199592BBC3E6E0024210C /* WifiDataModel.swift in Sources */ = {isa = PBXBuildFile; fileRef = A25199582BBC3E6D0024210C /* WifiDataModel.swift */; };
		A251995F2BBC439B0024210C /* FetchedDataManager.swift in Sources */ = {isa = PBXBuildFile; fileRef = A251995E2BBC439B0024210C /* FetchedDataManager.swift */; };
		A25199612BBC43D30024210C /* DataManagerProtocol.swift in Sources */ = {isa = PBXBuildFile; fileRef = A25199602BBC43D30024210C /* DataManagerProtocol.swift */; };
		A25199632BBC4CFB0024210C /* MainViewController.swift in Sources */ = {isa = PBXBuildFile; fileRef = A25199622BBC4CFB0024210C /* MainViewController.swift */; };
		A25199652BBC54880024210C /* UIView+layout.swift in Sources */ = {isa = PBXBuildFile; fileRef = A25199642BBC54880024210C /* UIView+layout.swift */; };
		A25199682BBC5F6E0024210C /* UIView+AnchorPoint.swift in Sources */ = {isa = PBXBuildFile; fileRef = A25199672BBC5F6E0024210C /* UIView+AnchorPoint.swift */; };
		A251996B2BBC6A6E0024210C /* WifiViewController.swift in Sources */ = {isa = PBXBuildFile; fileRef = A251996A2BBC6A6E0024210C /* WifiViewController.swift */; };
		A251996D2BBC6B610024210C /* WifiView.swift in Sources */ = {isa = PBXBuildFile; fileRef = A251996C2BBC6B610024210C /* WifiView.swift */; };
		A251996F2BBC6C390024210C /* WifiViewModel.swift in Sources */ = {isa = PBXBuildFile; fileRef = A251996E2BBC6C390024210C /* WifiViewModel.swift */; };
		A298312B2BBD40A7001BD7F2 /* UITableView+dequeue.swift in Sources */ = {isa = PBXBuildFile; fileRef = A298312A2BBD40A7001BD7F2 /* UITableView+dequeue.swift */; };
		A298312D2BBD4104001BD7F2 /* UITableView+reusableIdentifier.swift in Sources */ = {isa = PBXBuildFile; fileRef = A298312C2BBD4104001BD7F2 /* UITableView+reusableIdentifier.swift */; };
		A29831302BBD4267001BD7F2 /* WifiTableCell.swift in Sources */ = {isa = PBXBuildFile; fileRef = A298312F2BBD4267001BD7F2 /* WifiTableCell.swift */; };
		A29831332BBDAA87001BD7F2 /* MainView.swift in Sources */ = {isa = PBXBuildFile; fileRef = A29831322BBDAA87001BD7F2 /* MainView.swift */; };
		A29831382BBDE45A001BD7F2 /* CombineCocoa in Frameworks */ = {isa = PBXBuildFile; productRef = A29831372BBDE45A001BD7F2 /* CombineCocoa */; };
		A2BC27512BBE87810009BBCC /* Array+swift.swift in Sources */ = {isa = PBXBuildFile; fileRef = A2BC27502BBE87810009BBCC /* Array+swift.swift */; };
		A2BC27592BCBED5B0009BBCC /* ScanView.swift in Sources */ = {isa = PBXBuildFile; fileRef = A2BC27582BCBED5B0009BBCC /* ScanView.swift */; };
		A2BC275B2BCBF0AA0009BBCC /* ScanViewController.swift in Sources */ = {isa = PBXBuildFile; fileRef = A2BC275A2BCBF0AA0009BBCC /* ScanViewController.swift */; };
		A2BC27602BCC06BC0009BBCC /* scanner.json in Resources */ = {isa = PBXBuildFile; fileRef = A2BC275F2BCC06BC0009BBCC /* scanner.json */; };
		A2BC27632BCC086B0009BBCC /* Lottie in Frameworks */ = {isa = PBXBuildFile; productRef = A2BC27622BCC086B0009BBCC /* Lottie */; };
		A2BC27652BCC5BA10009BBCC /* ScanViewModel.swift in Sources */ = {isa = PBXBuildFile; fileRef = A2BC27642BCC5BA10009BBCC /* ScanViewModel.swift */; };
		A2BC276B2BCD40500009BBCC /* DetailsView.swift in Sources */ = {isa = PBXBuildFile; fileRef = A2BC276A2BCD40500009BBCC /* DetailsView.swift */; };
		A2BC276D2BCD578E0009BBCC /* DeviceDataModel.swift in Sources */ = {isa = PBXBuildFile; fileRef = A2BC276C2BCD578E0009BBCC /* DeviceDataModel.swift */; };
		A2BC276F2BCD5B050009BBCC /* DetailsViewController.swift in Sources */ = {isa = PBXBuildFile; fileRef = A2BC276E2BCD5B050009BBCC /* DetailsViewController.swift */; };
		A2BC27762BCD6AB40009BBCC /* DetailedView.swift in Sources */ = {isa = PBXBuildFile; fileRef = A2BC27752BCD6AB40009BBCC /* DetailedView.swift */; };
/* End PBXBuildFile section */

/* Begin PBXFileReference section */
		A25199322BBC33EF0024210C /* Magnetic.app */ = {isa = PBXFileReference; explicitFileType = wrapper.application; includeInIndex = 0; path = Magnetic.app; sourceTree = BUILT_PRODUCTS_DIR; };
		A25199352BBC33EF0024210C /* AppDelegate.swift */ = {isa = PBXFileReference; lastKnownFileType = sourcecode.swift; path = AppDelegate.swift; sourceTree = "<group>"; };
		A25199372BBC33EF0024210C /* SceneDelegate.swift */ = {isa = PBXFileReference; lastKnownFileType = sourcecode.swift; path = SceneDelegate.swift; sourceTree = "<group>"; };
		A25199392BBC33EF0024210C /* MagneticViewController.swift */ = {isa = PBXFileReference; lastKnownFileType = sourcecode.swift; path = MagneticViewController.swift; sourceTree = "<group>"; };
		A251993C2BBC33EF0024210C /* Base */ = {isa = PBXFileReference; lastKnownFileType = file.storyboard; name = Base; path = Base.lproj/Main.storyboard; sourceTree = "<group>"; };
		A251993E2BBC33F00024210C /* Assets.xcassets */ = {isa = PBXFileReference; lastKnownFileType = folder.assetcatalog; path = Assets.xcassets; sourceTree = "<group>"; };
		A25199412BBC33F00024210C /* Base */ = {isa = PBXFileReference; lastKnownFileType = file.storyboard; name = Base; path = Base.lproj/LaunchScreen.storyboard; sourceTree = "<group>"; };
		A25199432BBC33F00024210C /* Info.plist */ = {isa = PBXFileReference; lastKnownFileType = text.plist.xml; path = Info.plist; sourceTree = "<group>"; };
		A251994C2BBC3D270024210C /* MagneticView.swift */ = {isa = PBXFileReference; fileEncoding = 4; lastKnownFileType = sourcecode.swift; path = MagneticView.swift; sourceTree = "<group>"; };
		A25199502BBC3DCF0024210C /* MagenticViewModel.swift */ = {isa = PBXFileReference; fileEncoding = 4; lastKnownFileType = sourcecode.swift; path = MagenticViewModel.swift; sourceTree = "<group>"; };
		A25199522BBC3DEB0024210C /* MockedDataManager.swift */ = {isa = PBXFileReference; fileEncoding = 4; lastKnownFileType = sourcecode.swift; path = MockedDataManager.swift; sourceTree = "<group>"; };
		A25199562BBC3E5E0024210C /* WiFiData.json */ = {isa = PBXFileReference; fileEncoding = 4; lastKnownFileType = text.json; path = WiFiData.json; sourceTree = "<group>"; };
		A25199582BBC3E6D0024210C /* WifiDataModel.swift */ = {isa = PBXFileReference; fileEncoding = 4; lastKnownFileType = sourcecode.swift; path = WifiDataModel.swift; sourceTree = "<group>"; };
		A251995E2BBC439B0024210C /* FetchedDataManager.swift */ = {isa = PBXFileReference; lastKnownFileType = sourcecode.swift; path = FetchedDataManager.swift; sourceTree = "<group>"; };
		A25199602BBC43D30024210C /* DataManagerProtocol.swift */ = {isa = PBXFileReference; lastKnownFileType = sourcecode.swift; path = DataManagerProtocol.swift; sourceTree = "<group>"; };
		A25199622BBC4CFB0024210C /* MainViewController.swift */ = {isa = PBXFileReference; lastKnownFileType = sourcecode.swift; path = MainViewController.swift; sourceTree = "<group>"; };
		A25199642BBC54880024210C /* UIView+layout.swift */ = {isa = PBXFileReference; fileEncoding = 4; lastKnownFileType = sourcecode.swift; path = "UIView+layout.swift"; sourceTree = "<group>"; };
		A25199672BBC5F6E0024210C /* UIView+AnchorPoint.swift */ = {isa = PBXFileReference; lastKnownFileType = sourcecode.swift; path = "UIView+AnchorPoint.swift"; sourceTree = "<group>"; };
		A251996A2BBC6A6E0024210C /* WifiViewController.swift */ = {isa = PBXFileReference; lastKnownFileType = sourcecode.swift; path = WifiViewController.swift; sourceTree = "<group>"; };
		A251996C2BBC6B610024210C /* WifiView.swift */ = {isa = PBXFileReference; lastKnownFileType = sourcecode.swift; path = WifiView.swift; sourceTree = "<group>"; };
		A251996E2BBC6C390024210C /* WifiViewModel.swift */ = {isa = PBXFileReference; lastKnownFileType = sourcecode.swift; path = WifiViewModel.swift; sourceTree = "<group>"; };
		A298312A2BBD40A7001BD7F2 /* UITableView+dequeue.swift */ = {isa = PBXFileReference; lastKnownFileType = sourcecode.swift; path = "UITableView+dequeue.swift"; sourceTree = "<group>"; };
		A298312C2BBD4104001BD7F2 /* UITableView+reusableIdentifier.swift */ = {isa = PBXFileReference; lastKnownFileType = sourcecode.swift; path = "UITableView+reusableIdentifier.swift"; sourceTree = "<group>"; };
		A298312F2BBD4267001BD7F2 /* WifiTableCell.swift */ = {isa = PBXFileReference; lastKnownFileType = sourcecode.swift; path = WifiTableCell.swift; sourceTree = "<group>"; };
		A29831322BBDAA87001BD7F2 /* MainView.swift */ = {isa = PBXFileReference; lastKnownFileType = sourcecode.swift; path = MainView.swift; sourceTree = "<group>"; };
		A2BC27502BBE87810009BBCC /* Array+swift.swift */ = {isa = PBXFileReference; lastKnownFileType = sourcecode.swift; path = "Array+swift.swift"; sourceTree = "<group>"; };
		A2BC27582BCBED5B0009BBCC /* ScanView.swift */ = {isa = PBXFileReference; lastKnownFileType = sourcecode.swift; path = ScanView.swift; sourceTree = "<group>"; };
		A2BC275A2BCBF0AA0009BBCC /* ScanViewController.swift */ = {isa = PBXFileReference; lastKnownFileType = sourcecode.swift; path = ScanViewController.swift; sourceTree = "<group>"; };
		A2BC275F2BCC06BC0009BBCC /* scanner.json */ = {isa = PBXFileReference; fileEncoding = 4; lastKnownFileType = text.json; path = scanner.json; sourceTree = "<group>"; };
		A2BC27642BCC5BA10009BBCC /* ScanViewModel.swift */ = {isa = PBXFileReference; lastKnownFileType = sourcecode.swift; path = ScanViewModel.swift; sourceTree = "<group>"; };
		A2BC276A2BCD40500009BBCC /* DetailsView.swift */ = {isa = PBXFileReference; lastKnownFileType = sourcecode.swift; path = DetailsView.swift; sourceTree = "<group>"; };
		A2BC276C2BCD578E0009BBCC /* DeviceDataModel.swift */ = {isa = PBXFileReference; lastKnownFileType = sourcecode.swift; path = DeviceDataModel.swift; sourceTree = "<group>"; };
		A2BC276E2BCD5B050009BBCC /* DetailsViewController.swift */ = {isa = PBXFileReference; lastKnownFileType = sourcecode.swift; path = DetailsViewController.swift; sourceTree = "<group>"; };
		A2BC27752BCD6AB40009BBCC /* DetailedView.swift */ = {isa = PBXFileReference; lastKnownFileType = sourcecode.swift; path = DetailedView.swift; sourceTree = "<group>"; };
/* End PBXFileReference section */

/* Begin PBXFrameworksBuildPhase section */
		A251992F2BBC33EF0024210C /* Frameworks */ = {
			isa = PBXFrameworksBuildPhase;
			buildActionMask = 2147483647;
			files = (
				A29831382BBDE45A001BD7F2 /* CombineCocoa in Frameworks */,
				A251994B2BBC3CA50024210C /* SnapKit in Frameworks */,
				A2BC27632BCC086B0009BBCC /* Lottie in Frameworks */,
			);
			runOnlyForDeploymentPostprocessing = 0;
		};
/* End PBXFrameworksBuildPhase section */

/* Begin PBXGroup section */
		A25199292BBC33EF0024210C = {
			isa = PBXGroup;
			children = (
				A25199342BBC33EF0024210C /* Magnetic */,
				A25199332BBC33EF0024210C /* Products */,
			);
			sourceTree = "<group>";
		};
		A25199332BBC33EF0024210C /* Products */ = {
			isa = PBXGroup;
			children = (
				A25199322BBC33EF0024210C /* Magnetic.app */,
			);
			name = Products;
			sourceTree = "<group>";
		};
		A25199342BBC33EF0024210C /* Magnetic */ = {
			isa = PBXGroup;
			children = (
				A251994E2BBC3D560024210C /* App */,
				A251995C2BBC42D70024210C /* Services */,
				A25199662BBC54940024210C /* Extensions */,
				A2BC27662BCD0FC40009BBCC /* Presentation */,
				A251993B2BBC33EF0024210C /* Main.storyboard */,
				A25199402BBC33F00024210C /* LaunchScreen.storyboard */,
				A251993E2BBC33F00024210C /* Assets.xcassets */,
				A25199562BBC3E5E0024210C /* WiFiData.json */,
				A2BC275F2BCC06BC0009BBCC /* scanner.json */,
				A25199432BBC33F00024210C /* Info.plist */,
			);
			path = Magnetic;
			sourceTree = "<group>";
		};
		A251994E2BBC3D560024210C /* App */ = {
			isa = PBXGroup;
			children = (
				A25199372BBC33EF0024210C /* SceneDelegate.swift */,
				A25199352BBC33EF0024210C /* AppDelegate.swift */,
			);
			path = App;
			sourceTree = "<group>";
		};
		A251994F2BBC3D6F0024210C /* MagneticModule */ = {
			isa = PBXGroup;
			children = (
				A25199392BBC33EF0024210C /* MagneticViewController.swift */,
				A251994C2BBC3D270024210C /* MagneticView.swift */,
				A25199502BBC3DCF0024210C /* MagenticViewModel.swift */,
			);
			path = MagneticModule;
			sourceTree = "<group>";
		};
		A251995C2BBC42D70024210C /* Services */ = {
			isa = PBXGroup;
			children = (
				A251995D2BBC43340024210C /* DataService */,
			);
			path = Services;
			sourceTree = "<group>";
		};
		A251995D2BBC43340024210C /* DataService */ = {
			isa = PBXGroup;
			children = (
				A25199602BBC43D30024210C /* DataManagerProtocol.swift */,
				A25199582BBC3E6D0024210C /* WifiDataModel.swift */,
				A25199522BBC3DEB0024210C /* MockedDataManager.swift */,
				A251995E2BBC439B0024210C /* FetchedDataManager.swift */,
				A2BC276C2BCD578E0009BBCC /* DeviceDataModel.swift */,
			);
			path = DataService;
			sourceTree = "<group>";
		};
		A25199662BBC54940024210C /* Extensions */ = {
			isa = PBXGroup;
			children = (
				A25199642BBC54880024210C /* UIView+layout.swift */,
				A25199672BBC5F6E0024210C /* UIView+AnchorPoint.swift */,
				A298312A2BBD40A7001BD7F2 /* UITableView+dequeue.swift */,
				A298312C2BBD4104001BD7F2 /* UITableView+reusableIdentifier.swift */,
				A2BC27502BBE87810009BBCC /* Array+swift.swift */,
			);
			path = Extensions;
			sourceTree = "<group>";
		};
		A25199692BBC6A4C0024210C /* WifiModule */ = {
			isa = PBXGroup;
			children = (
				A251996A2BBC6A6E0024210C /* WifiViewController.swift */,
				A251996C2BBC6B610024210C /* WifiView.swift */,
				A251996E2BBC6C390024210C /* WifiViewModel.swift */,
				A298312E2BBD423C001BD7F2 /* Subviews */,
			);
			path = WifiModule;
			sourceTree = "<group>";
		};
		A298312E2BBD423C001BD7F2 /* Subviews */ = {
			isa = PBXGroup;
			children = (
				A298312F2BBD4267001BD7F2 /* WifiTableCell.swift */,
			);
			path = Subviews;
			sourceTree = "<group>";
		};
		A29831312BBDAA61001BD7F2 /* MainModule */ = {
			isa = PBXGroup;
			children = (
				A25199622BBC4CFB0024210C /* MainViewController.swift */,
				A29831322BBDAA87001BD7F2 /* MainView.swift */,
			);
			path = MainModule;
			sourceTree = "<group>";
		};
		A2BC27572BCBED360009BBCC /* ScanModule */ = {
			isa = PBXGroup;
			children = (
				A2BC27582BCBED5B0009BBCC /* ScanView.swift */,
				A2BC275A2BCBF0AA0009BBCC /* ScanViewController.swift */,
				A2BC27642BCC5BA10009BBCC /* ScanViewModel.swift */,
			);
			path = ScanModule;
			sourceTree = "<group>";
		};
		A2BC27662BCD0FC40009BBCC /* Presentation */ = {
			isa = PBXGroup;
			children = (
				A29831312BBDAA61001BD7F2 /* MainModule */,
				A251994F2BBC3D6F0024210C /* MagneticModule */,
				A2BC27572BCBED360009BBCC /* ScanModule */,
				A25199692BBC6A4C0024210C /* WifiModule */,
				A2BC27672BCD100A0009BBCC /* DetailsModule */,
			);
			path = Presentation;
			sourceTree = "<group>";
		};
		A2BC27672BCD100A0009BBCC /* DetailsModule */ = {
			isa = PBXGroup;
			children = (
				A2BC276A2BCD40500009BBCC /* DetailsView.swift */,
				A2BC276E2BCD5B050009BBCC /* DetailsViewController.swift */,
				A2BC27772BCDD7570009BBCC /* Subviews */,
			);
			path = DetailsModule;
			sourceTree = "<group>";
		};
		A2BC27772BCDD7570009BBCC /* Subviews */ = {
			isa = PBXGroup;
			children = (
				A2BC27752BCD6AB40009BBCC /* DetailedView.swift */,
			);
			path = Subviews;
			sourceTree = "<group>";
		};
/* End PBXGroup section */

/* Begin PBXNativeTarget section */
		A25199312BBC33EF0024210C /* Magnetic */ = {
			isa = PBXNativeTarget;
			buildConfigurationList = A25199462BBC33F00024210C /* Build configuration list for PBXNativeTarget "Magnetic" */;
			buildPhases = (
				A251992E2BBC33EF0024210C /* Sources */,
				A251992F2BBC33EF0024210C /* Frameworks */,
				A25199302BBC33EF0024210C /* Resources */,
			);
			buildRules = (
			);
			dependencies = (
			);
			name = Magnetic;
			packageProductDependencies = (
				A251994A2BBC3CA50024210C /* SnapKit */,
				A29831372BBDE45A001BD7F2 /* CombineCocoa */,
				A2BC27622BCC086B0009BBCC /* Lottie */,
			);
			productName = Magnetic;
			productReference = A25199322BBC33EF0024210C /* Magnetic.app */;
			productType = "com.apple.product-type.application";
		};
/* End PBXNativeTarget section */

/* Begin PBXProject section */
		A251992A2BBC33EF0024210C /* Project object */ = {
			isa = PBXProject;
			attributes = {
				BuildIndependentTargetsInParallel = 1;
				LastSwiftUpdateCheck = 1410;
				LastUpgradeCheck = 1410;
				TargetAttributes = {
					A25199312BBC33EF0024210C = {
						CreatedOnToolsVersion = 14.1;
					};
				};
			};
			buildConfigurationList = A251992D2BBC33EF0024210C /* Build configuration list for PBXProject "Magnetic" */;
			compatibilityVersion = "Xcode 14.0";
			developmentRegion = en;
			hasScannedForEncodings = 0;
			knownRegions = (
				en,
				Base,
			);
			mainGroup = A25199292BBC33EF0024210C;
			packageReferences = (
				A25199492BBC3CA50024210C /* XCRemoteSwiftPackageReference "SnapKit" */,
				A29831362BBDE45A001BD7F2 /* XCRemoteSwiftPackageReference "CombineCocoa" */,
				A2BC27612BCC086B0009BBCC /* XCRemoteSwiftPackageReference "lottie-ios" */,
			);
			productRefGroup = A25199332BBC33EF0024210C /* Products */;
			projectDirPath = "";
			projectRoot = "";
			targets = (
				A25199312BBC33EF0024210C /* Magnetic */,
			);
		};
/* End PBXProject section */

/* Begin PBXResourcesBuildPhase section */
		A25199302BBC33EF0024210C /* Resources */ = {
			isa = PBXResourcesBuildPhase;
			buildActionMask = 2147483647;
			files = (
				A25199422BBC33F00024210C /* LaunchScreen.storyboard in Resources */,
				A251993F2BBC33F00024210C /* Assets.xcassets in Resources */,
				A25199572BBC3E5E0024210C /* WiFiData.json in Resources */,
				A2BC27602BCC06BC0009BBCC /* scanner.json in Resources */,
				A251993D2BBC33EF0024210C /* Main.storyboard in Resources */,
			);
			runOnlyForDeploymentPostprocessing = 0;
		};
/* End PBXResourcesBuildPhase section */

/* Begin PBXSourcesBuildPhase section */
		A251992E2BBC33EF0024210C /* Sources */ = {
			isa = PBXSourcesBuildPhase;
			buildActionMask = 2147483647;
			files = (
				A25199532BBC3DEB0024210C /* MockedDataManager.swift in Sources */,
				A29831302BBD4267001BD7F2 /* WifiTableCell.swift in Sources */,
				A251994D2BBC3D270024210C /* MagneticView.swift in Sources */,
				A2BC275B2BCBF0AA0009BBCC /* ScanViewController.swift in Sources */,
				A2BC27652BCC5BA10009BBCC /* ScanViewModel.swift in Sources */,
				A251996B2BBC6A6E0024210C /* WifiViewController.swift in Sources */,
				A298312D2BBD4104001BD7F2 /* UITableView+reusableIdentifier.swift in Sources */,
				A29831332BBDAA87001BD7F2 /* MainView.swift in Sources */,
				A251993A2BBC33EF0024210C /* MagneticViewController.swift in Sources */,
				A251995F2BBC439B0024210C /* FetchedDataManager.swift in Sources */,
				A2BC27762BCD6AB40009BBCC /* DetailedView.swift in Sources */,
				A251996F2BBC6C390024210C /* WifiViewModel.swift in Sources */,
				A2BC276F2BCD5B050009BBCC /* DetailsViewController.swift in Sources */,
				A2BC276B2BCD40500009BBCC /* DetailsView.swift in Sources */,
				A25199682BBC5F6E0024210C /* UIView+AnchorPoint.swift in Sources */,
				A25199362BBC33EF0024210C /* AppDelegate.swift in Sources */,
				A25199382BBC33EF0024210C /* SceneDelegate.swift in Sources */,
				A2BC276D2BCD578E0009BBCC /* DeviceDataModel.swift in Sources */,
				A25199652BBC54880024210C /* UIView+layout.swift in Sources */,
				A25199512BBC3DCF0024210C /* MagenticViewModel.swift in Sources */,
				A2BC27592BCBED5B0009BBCC /* ScanView.swift in Sources */,
				A25199592BBC3E6E0024210C /* WifiDataModel.swift in Sources */,
				A251996D2BBC6B610024210C /* WifiView.swift in Sources */,
				A25199612BBC43D30024210C /* DataManagerProtocol.swift in Sources */,
				A298312B2BBD40A7001BD7F2 /* UITableView+dequeue.swift in Sources */,
				A25199632BBC4CFB0024210C /* MainViewController.swift in Sources */,
				A2BC27512BBE87810009BBCC /* Array+swift.swift in Sources */,
			);
			runOnlyForDeploymentPostprocessing = 0;
		};
/* End PBXSourcesBuildPhase section */

/* Begin PBXVariantGroup section */
		A251993B2BBC33EF0024210C /* Main.storyboard */ = {
			isa = PBXVariantGroup;
			children = (
				A251993C2BBC33EF0024210C /* Base */,
			);
			name = Main.storyboard;
			sourceTree = "<group>";
		};
		A25199402BBC33F00024210C /* LaunchScreen.storyboard */ = {
			isa = PBXVariantGroup;
			children = (
				A25199412BBC33F00024210C /* Base */,
			);
			name = LaunchScreen.storyboard;
			sourceTree = "<group>";
		};
/* End PBXVariantGroup section */

/* Begin XCBuildConfiguration section */
		A25199442BBC33F00024210C /* Debug */ = {
			isa = XCBuildConfiguration;
			buildSettings = {
				ALWAYS_SEARCH_USER_PATHS = NO;
				CLANG_ANALYZER_NONNULL = YES;
				CLANG_ANALYZER_NUMBER_OBJECT_CONVERSION = YES_AGGRESSIVE;
				CLANG_CXX_LANGUAGE_STANDARD = "gnu++20";
				CLANG_ENABLE_MODULES = YES;
				CLANG_ENABLE_OBJC_ARC = YES;
				CLANG_ENABLE_OBJC_WEAK = YES;
				CLANG_WARN_BLOCK_CAPTURE_AUTORELEASING = YES;
				CLANG_WARN_BOOL_CONVERSION = YES;
				CLANG_WARN_COMMA = YES;
				CLANG_WARN_CONSTANT_CONVERSION = YES;
				CLANG_WARN_DEPRECATED_OBJC_IMPLEMENTATIONS = YES;
				CLANG_WARN_DIRECT_OBJC_ISA_USAGE = YES_ERROR;
				CLANG_WARN_DOCUMENTATION_COMMENTS = YES;
				CLANG_WARN_EMPTY_BODY = YES;
				CLANG_WARN_ENUM_CONVERSION = YES;
				CLANG_WARN_INFINITE_RECURSION = YES;
				CLANG_WARN_INT_CONVERSION = YES;
				CLANG_WARN_NON_LITERAL_NULL_CONVERSION = YES;
				CLANG_WARN_OBJC_IMPLICIT_RETAIN_SELF = YES;
				CLANG_WARN_OBJC_LITERAL_CONVERSION = YES;
				CLANG_WARN_OBJC_ROOT_CLASS = YES_ERROR;
				CLANG_WARN_QUOTED_INCLUDE_IN_FRAMEWORK_HEADER = YES;
				CLANG_WARN_RANGE_LOOP_ANALYSIS = YES;
				CLANG_WARN_STRICT_PROTOTYPES = YES;
				CLANG_WARN_SUSPICIOUS_MOVE = YES;
				CLANG_WARN_UNGUARDED_AVAILABILITY = YES_AGGRESSIVE;
				CLANG_WARN_UNREACHABLE_CODE = YES;
				CLANG_WARN__DUPLICATE_METHOD_MATCH = YES;
				COPY_PHASE_STRIP = NO;
				DEBUG_INFORMATION_FORMAT = dwarf;
				ENABLE_STRICT_OBJC_MSGSEND = YES;
				ENABLE_TESTABILITY = YES;
				GCC_C_LANGUAGE_STANDARD = gnu11;
				GCC_DYNAMIC_NO_PIC = NO;
				GCC_NO_COMMON_BLOCKS = YES;
				GCC_OPTIMIZATION_LEVEL = 0;
				GCC_PREPROCESSOR_DEFINITIONS = (
					"DEBUG=1",
					"$(inherited)",
				);
				GCC_WARN_64_TO_32_BIT_CONVERSION = YES;
				GCC_WARN_ABOUT_RETURN_TYPE = YES_ERROR;
				GCC_WARN_UNDECLARED_SELECTOR = YES;
				GCC_WARN_UNINITIALIZED_AUTOS = YES_AGGRESSIVE;
				GCC_WARN_UNUSED_FUNCTION = YES;
				GCC_WARN_UNUSED_VARIABLE = YES;
				IPHONEOS_DEPLOYMENT_TARGET = 16.1;
				MTL_ENABLE_DEBUG_INFO = INCLUDE_SOURCE;
				MTL_FAST_MATH = YES;
				ONLY_ACTIVE_ARCH = YES;
				SDKROOT = iphoneos;
				SWIFT_ACTIVE_COMPILATION_CONDITIONS = DEBUG;
				SWIFT_OPTIMIZATION_LEVEL = "-Onone";
			};
			name = Debug;
		};
		A25199452BBC33F00024210C /* Release */ = {
			isa = XCBuildConfiguration;
			buildSettings = {
				ALWAYS_SEARCH_USER_PATHS = NO;
				CLANG_ANALYZER_NONNULL = YES;
				CLANG_ANALYZER_NUMBER_OBJECT_CONVERSION = YES_AGGRESSIVE;
				CLANG_CXX_LANGUAGE_STANDARD = "gnu++20";
				CLANG_ENABLE_MODULES = YES;
				CLANG_ENABLE_OBJC_ARC = YES;
				CLANG_ENABLE_OBJC_WEAK = YES;
				CLANG_WARN_BLOCK_CAPTURE_AUTORELEASING = YES;
				CLANG_WARN_BOOL_CONVERSION = YES;
				CLANG_WARN_COMMA = YES;
				CLANG_WARN_CONSTANT_CONVERSION = YES;
				CLANG_WARN_DEPRECATED_OBJC_IMPLEMENTATIONS = YES;
				CLANG_WARN_DIRECT_OBJC_ISA_USAGE = YES_ERROR;
				CLANG_WARN_DOCUMENTATION_COMMENTS = YES;
				CLANG_WARN_EMPTY_BODY = YES;
				CLANG_WARN_ENUM_CONVERSION = YES;
				CLANG_WARN_INFINITE_RECURSION = YES;
				CLANG_WARN_INT_CONVERSION = YES;
				CLANG_WARN_NON_LITERAL_NULL_CONVERSION = YES;
				CLANG_WARN_OBJC_IMPLICIT_RETAIN_SELF = YES;
				CLANG_WARN_OBJC_LITERAL_CONVERSION = YES;
				CLANG_WARN_OBJC_ROOT_CLASS = YES_ERROR;
				CLANG_WARN_QUOTED_INCLUDE_IN_FRAMEWORK_HEADER = YES;
				CLANG_WARN_RANGE_LOOP_ANALYSIS = YES;
				CLANG_WARN_STRICT_PROTOTYPES = YES;
				CLANG_WARN_SUSPICIOUS_MOVE = YES;
				CLANG_WARN_UNGUARDED_AVAILABILITY = YES_AGGRESSIVE;
				CLANG_WARN_UNREACHABLE_CODE = YES;
				CLANG_WARN__DUPLICATE_METHOD_MATCH = YES;
				COPY_PHASE_STRIP = NO;
				DEBUG_INFORMATION_FORMAT = "dwarf-with-dsym";
				ENABLE_NS_ASSERTIONS = NO;
				ENABLE_STRICT_OBJC_MSGSEND = YES;
				GCC_C_LANGUAGE_STANDARD = gnu11;
				GCC_NO_COMMON_BLOCKS = YES;
				GCC_WARN_64_TO_32_BIT_CONVERSION = YES;
				GCC_WARN_ABOUT_RETURN_TYPE = YES_ERROR;
				GCC_WARN_UNDECLARED_SELECTOR = YES;
				GCC_WARN_UNINITIALIZED_AUTOS = YES_AGGRESSIVE;
				GCC_WARN_UNUSED_FUNCTION = YES;
				GCC_WARN_UNUSED_VARIABLE = YES;
				IPHONEOS_DEPLOYMENT_TARGET = 16.1;
				MTL_ENABLE_DEBUG_INFO = NO;
				MTL_FAST_MATH = YES;
				SDKROOT = iphoneos;
				SWIFT_COMPILATION_MODE = wholemodule;
				SWIFT_OPTIMIZATION_LEVEL = "-O";
				VALIDATE_PRODUCT = YES;
			};
			name = Release;
		};
		A25199472BBC33F00024210C /* Debug */ = {
			isa = XCBuildConfiguration;
			buildSettings = {
				ASSETCATALOG_COMPILER_APPICON_NAME = AppIcon;
				ASSETCATALOG_COMPILER_GLOBAL_ACCENT_COLOR_NAME = AccentColor;
				CODE_SIGN_STYLE = Automatic;
				CURRENT_PROJECT_VERSION = 1;
				DEVELOPMENT_TEAM = H4CARJMF9X;
				GENERATE_INFOPLIST_FILE = YES;
				INFOPLIST_FILE = Magnetic/Info.plist;
				INFOPLIST_KEY_UIApplicationSupportsIndirectInputEvents = YES;
				INFOPLIST_KEY_UILaunchStoryboardName = LaunchScreen;
				INFOPLIST_KEY_UIMainStoryboardFile = Main;
				INFOPLIST_KEY_UIRequiresFullScreen = NO;
				INFOPLIST_KEY_UIStatusBarStyle = UIStatusBarStyleLightContent;
				INFOPLIST_KEY_UISupportedInterfaceOrientations = UIInterfaceOrientationPortrait;
				LD_RUNPATH_SEARCH_PATHS = (
					"$(inherited)",
					"@executable_path/Frameworks",
				);
				MARKETING_VERSION = 1.0;
				PRODUCT_BUNDLE_IDENTIFIER = andrew.Magnetic;
				PRODUCT_NAME = "$(TARGET_NAME)";
				SWIFT_EMIT_LOC_STRINGS = YES;
				SWIFT_VERSION = 5.0;
				TARGETED_DEVICE_FAMILY = "1,2";
			};
			name = Debug;
		};
		A25199482BBC33F00024210C /* Release */ = {
			isa = XCBuildConfiguration;
			buildSettings = {
				ASSETCATALOG_COMPILER_APPICON_NAME = AppIcon;
				ASSETCATALOG_COMPILER_GLOBAL_ACCENT_COLOR_NAME = AccentColor;
				CODE_SIGN_STYLE = Automatic;
				CURRENT_PROJECT_VERSION = 1;
				DEVELOPMENT_TEAM = H4CARJMF9X;
				GENERATE_INFOPLIST_FILE = YES;
				INFOPLIST_FILE = Magnetic/Info.plist;
				INFOPLIST_KEY_UIApplicationSupportsIndirectInputEvents = YES;
				INFOPLIST_KEY_UILaunchStoryboardName = LaunchScreen;
				INFOPLIST_KEY_UIMainStoryboardFile = Main;
				INFOPLIST_KEY_UIRequiresFullScreen = NO;
				INFOPLIST_KEY_UIStatusBarStyle = UIStatusBarStyleLightContent;
				INFOPLIST_KEY_UISupportedInterfaceOrientations = UIInterfaceOrientationPortrait;
				LD_RUNPATH_SEARCH_PATHS = (
					"$(inherited)",
					"@executable_path/Frameworks",
				);
				MARKETING_VERSION = 1.0;
				PRODUCT_BUNDLE_IDENTIFIER = andrew.Magnetic;
				PRODUCT_NAME = "$(TARGET_NAME)";
				SWIFT_EMIT_LOC_STRINGS = YES;
				SWIFT_VERSION = 5.0;
				TARGETED_DEVICE_FAMILY = "1,2";
			};
			name = Release;
		};
/* End XCBuildConfiguration section */

/* Begin XCConfigurationList section */
		A251992D2BBC33EF0024210C /* Build configuration list for PBXProject "Magnetic" */ = {
			isa = XCConfigurationList;
			buildConfigurations = (
				A25199442BBC33F00024210C /* Debug */,
				A25199452BBC33F00024210C /* Release */,
			);
			defaultConfigurationIsVisible = 0;
			defaultConfigurationName = Release;
		};
		A25199462BBC33F00024210C /* Build configuration list for PBXNativeTarget "Magnetic" */ = {
			isa = XCConfigurationList;
			buildConfigurations = (
				A25199472BBC33F00024210C /* Debug */,
				A25199482BBC33F00024210C /* Release */,
			);
			defaultConfigurationIsVisible = 0;
			defaultConfigurationName = Release;
		};
/* End XCConfigurationList section */

/* Begin XCRemoteSwiftPackageReference section */
		A25199492BBC3CA50024210C /* XCRemoteSwiftPackageReference "SnapKit" */ = {
			isa = XCRemoteSwiftPackageReference;
			repositoryURL = "https://github.com/SnapKit/SnapKit";
			requirement = {
				kind = upToNextMajorVersion;
				minimumVersion = 5.0.0;
			};
		};
		A29831362BBDE45A001BD7F2 /* XCRemoteSwiftPackageReference "CombineCocoa" */ = {
			isa = XCRemoteSwiftPackageReference;
			repositoryURL = "https://github.com/CombineCommunity/CombineCocoa";
			requirement = {
				kind = upToNextMajorVersion;
				minimumVersion = 0.4.1;
			};
		};
		A2BC27612BCC086B0009BBCC /* XCRemoteSwiftPackageReference "lottie-ios" */ = {
			isa = XCRemoteSwiftPackageReference;
			repositoryURL = "https://github.com/airbnb/lottie-ios.git";
			requirement = {
				kind = upToNextMajorVersion;
				minimumVersion = 4.0.0;
			};
		};
/* End XCRemoteSwiftPackageReference section */

/* Begin XCSwiftPackageProductDependency section */
		A251994A2BBC3CA50024210C /* SnapKit */ = {
			isa = XCSwiftPackageProductDependency;
			package = A25199492BBC3CA50024210C /* XCRemoteSwiftPackageReference "SnapKit" */;
			productName = SnapKit;
		};
		A29831372BBDE45A001BD7F2 /* CombineCocoa */ = {
			isa = XCSwiftPackageProductDependency;
			package = A29831362BBDE45A001BD7F2 /* XCRemoteSwiftPackageReference "CombineCocoa" */;
			productName = CombineCocoa;
		};
		A2BC27622BCC086B0009BBCC /* Lottie */ = {
			isa = XCSwiftPackageProductDependency;
			package = A2BC27612BCC086B0009BBCC /* XCRemoteSwiftPackageReference "lottie-ios" */;
			productName = Lottie;
		};
/* End XCSwiftPackageProductDependency section */
	};
	rootObject = A251992A2BBC33EF0024210C /* Project object */;
}
